// !$*UTF8*$!
{
	archiveVersion = 1;
	classes = {
	};
	objectVersion = 46;
	objects = {

/* Begin PBXBuildFile section */
		D18B41C11AE02DD400D79B9E /* main.m in Sources */ = {isa = PBXBuildFile; fileRef = D18B41C01AE02DD400D79B9E /* main.m */; };
		D18B41C41AE02DD400D79B9E /* AppDelegate.m in Sources */ = {isa = PBXBuildFile; fileRef = D18B41C31AE02DD400D79B9E /* AppDelegate.m */; };
		D18B41C71AE02DD400D79B9E /* ViewController.m in Sources */ = {isa = PBXBuildFile; fileRef = D18B41C61AE02DD400D79B9E /* ViewController.m */; };
		D18B41CA1AE02DD400D79B9E /* Main.storyboard in Resources */ = {isa = PBXBuildFile; fileRef = D18B41C81AE02DD400D79B9E /* Main.storyboard */; };
		D18B41CC1AE02DD400D79B9E /* Images.xcassets in Resources */ = {isa = PBXBuildFile; fileRef = D18B41CB1AE02DD400D79B9E /* Images.xcassets */; };
		D18B41CF1AE02DD400D79B9E /* LaunchScreen.xib in Resources */ = {isa = PBXBuildFile; fileRef = D18B41CD1AE02DD400D79B9E /* LaunchScreen.xib */; };
		D18B41DB1AE02DD400D79B9E /* TabViewTests.m in Sources */ = {isa = PBXBuildFile; fileRef = D18B41DA1AE02DD400D79B9E /* TabViewTests.m */; };
		D18B41E61AE02E3B00D79B9E /* FavoritesViewController.m in Sources */ = {isa = PBXBuildFile; fileRef = D18B41E51AE02E3B00D79B9E /* FavoritesViewController.m */; };
		D18B41E91AE02EEF00D79B9E /* FeedViewController.m in Sources */ = {isa = PBXBuildFile; fileRef = D18B41E81AE02EEF00D79B9E /* FeedViewController.m */; };
		D18B41EC1AE02F8F00D79B9E /* ProfileViewController.m in Sources */ = {isa = PBXBuildFile; fileRef = D18B41EB1AE02F8F00D79B9E /* ProfileViewController.m */; };
		D18B41F11AE0422600D79B9E /* star.png in Resources */ = {isa = PBXBuildFile; fileRef = D18B41F01AE0422600D79B9E /* star.png */; };
/* End PBXBuildFile section */

/* Begin PBXContainerItemProxy section */
		D18B41D51AE02DD400D79B9E /* PBXContainerItemProxy */ = {
			isa = PBXContainerItemProxy;
			containerPortal = D18B41B31AE02DD400D79B9E /* Project object */;
			proxyType = 1;
			remoteGlobalIDString = D18B41BA1AE02DD400D79B9E;
			remoteInfo = TabView;
		};
/* End PBXContainerItemProxy section */

/* Begin PBXFileReference section */
		D18B41BB1AE02DD400D79B9E /* TabView.app */ = {isa = PBXFileReference; explicitFileType = wrapper.application; includeInIndex = 0; path = TabView.app; sourceTree = BUILT_PRODUCTS_DIR; };
		D18B41BF1AE02DD400D79B9E /* Info.plist */ = {isa = PBXFileReference; lastKnownFileType = text.plist.xml; path = Info.plist; sourceTree = "<group>"; };
		D18B41C01AE02DD400D79B9E /* main.m */ = {isa = PBXFileReference; lastKnownFileType = sourcecode.c.objc; path = main.m; sourceTree = "<group>"; };
		D18B41C21AE02DD400D79B9E /* AppDelegate.h */ = {isa = PBXFileReference; lastKnownFileType = sourcecode.c.h; path = AppDelegate.h; sourceTree = "<group>"; };
		D18B41C31AE02DD400D79B9E /* AppDelegate.m */ = {isa = PBXFileReference; lastKnownFileType = sourcecode.c.objc; path = AppDelegate.m; sourceTree = "<group>"; };
		D18B41C51AE02DD400D79B9E /* ViewController.h */ = {isa = PBXFileReference; lastKnownFileType = sourcecode.c.h; name = ViewController.h; path = TabView/ViewController.h; sourceTree = "<group>"; };
		D18B41C61AE02DD400D79B9E /* ViewController.m */ = {isa = PBXFileReference; lastKnownFileType = sourcecode.c.objc; name = ViewController.m; path = TabView/ViewController.m; sourceTree = "<group>"; };
		D18B41C91AE02DD400D79B9E /* Base */ = {isa = PBXFileReference; lastKnownFileType = file.storyboard; name = Base; path = Base.lproj/Main.storyboard; sourceTree = "<group>"; };
		D18B41CB1AE02DD400D79B9E /* Images.xcassets */ = {isa = PBXFileReference; lastKnownFileType = folder.assetcatalog; path = Images.xcassets; sourceTree = "<group>"; };
		D18B41CE1AE02DD400D79B9E /* Base */ = {isa = PBXFileReference; lastKnownFileType = file.xib; name = Base; path = Base.lproj/LaunchScreen.xib; sourceTree = "<group>"; };
		D18B41D41AE02DD400D79B9E /* TabViewTests.xctest */ = {isa = PBXFileReference; explicitFileType = wrapper.cfbundle; includeInIndex = 0; path = TabViewTests.xctest; sourceTree = BUILT_PRODUCTS_DIR; };
		D18B41D91AE02DD400D79B9E /* Info.plist */ = {isa = PBXFileReference; lastKnownFileType = text.plist.xml; path = Info.plist; sourceTree = "<group>"; };
		D18B41DA1AE02DD400D79B9E /* TabViewTests.m */ = {isa = PBXFileReference; lastKnownFileType = sourcecode.c.objc; path = TabViewTests.m; sourceTree = "<group>"; };
		D18B41E41AE02E3B00D79B9E /* FavoritesViewController.h */ = {isa = PBXFileReference; fileEncoding = 4; lastKnownFileType = sourcecode.c.h; name = FavoritesViewController.h; path = TabView/FavoritesViewController.h; sourceTree = "<group>"; };
		D18B41E51AE02E3B00D79B9E /* FavoritesViewController.m */ = {isa = PBXFileReference; fileEncoding = 4; lastKnownFileType = sourcecode.c.objc; name = FavoritesViewController.m; path = TabView/FavoritesViewController.m; sourceTree = "<group>"; };
		D18B41E71AE02EEF00D79B9E /* FeedViewController.h */ = {isa = PBXFileReference; fileEncoding = 4; lastKnownFileType = sourcecode.c.h; name = FeedViewController.h; path = TabView/FeedViewController.h; sourceTree = "<group>"; };
		D18B41E81AE02EEF00D79B9E /* FeedViewController.m */ = {isa = PBXFileReference; fileEncoding = 4; lastKnownFileType = sourcecode.c.objc; name = FeedViewController.m; path = TabView/FeedViewController.m; sourceTree = "<group>"; };
		D18B41EA1AE02F8F00D79B9E /* ProfileViewController.h */ = {isa = PBXFileReference; fileEncoding = 4; lastKnownFileType = sourcecode.c.h; name = ProfileViewController.h; path = TabView/ProfileViewController.h; sourceTree = "<group>"; };
		D18B41EB1AE02F8F00D79B9E /* ProfileViewController.m */ = {isa = PBXFileReference; fileEncoding = 4; lastKnownFileType = sourcecode.c.objc; name = ProfileViewController.m; path = TabView/ProfileViewController.m; sourceTree = "<group>"; };
		D18B41F01AE0422600D79B9E /* star.png */ = {isa = PBXFileReference; lastKnownFileType = image.png; path = star.png; sourceTree = "<group>"; };
/* End PBXFileReference section */

/* Begin PBXFrameworksBuildPhase section */
		D18B41B81AE02DD400D79B9E /* Frameworks */ = {
			isa = PBXFrameworksBuildPhase;
			buildActionMask = 2147483647;
			files = (
			);
			runOnlyForDeploymentPostprocessing = 0;
		};
		D18B41D11AE02DD400D79B9E /* Frameworks */ = {
			isa = PBXFrameworksBuildPhase;
			buildActionMask = 2147483647;
			files = (
			);
			runOnlyForDeploymentPostprocessing = 0;
		};
/* End PBXFrameworksBuildPhase section */

/* Begin PBXGroup section */
		D18B41B21AE02DD400D79B9E = {
			isa = PBXGroup;
			children = (
				D18B41ED1AE02FB500D79B9E /* Model */,
				D18B41EE1AE02FC300D79B9E /* View */,
				D18B41EF1AE02FD100D79B9E /* Controller */,
				D18B41BD1AE02DD400D79B9E /* TabView */,
				D18B41D71AE02DD400D79B9E /* TabViewTests */,
				D18B41BC1AE02DD400D79B9E /* Products */,
			);
			sourceTree = "<group>";
		};
		D18B41BC1AE02DD400D79B9E /* Products */ = {
			isa = PBXGroup;
			children = (
				D18B41BB1AE02DD400D79B9E /* TabView.app */,
				D18B41D41AE02DD400D79B9E /* TabViewTests.xctest */,
			);
			name = Products;
			sourceTree = "<group>";
		};
		D18B41BD1AE02DD400D79B9E /* TabView */ = {
			isa = PBXGroup;
			children = (
				D18B41C21AE02DD400D79B9E /* AppDelegate.h */,
				D18B41C31AE02DD400D79B9E /* AppDelegate.m */,
				D18B41C81AE02DD400D79B9E /* Main.storyboard */,
				D18B41CB1AE02DD400D79B9E /* Images.xcassets */,
				D18B41F01AE0422600D79B9E /* star.png */,
				D18B41CD1AE02DD400D79B9E /* LaunchScreen.xib */,
				D18B41BE1AE02DD400D79B9E /* Supporting Files */,
			);
			path = TabView;
			sourceTree = "<group>";
		};
		D18B41BE1AE02DD400D79B9E /* Supporting Files */ = {
			isa = PBXGroup;
			children = (
				D18B41BF1AE02DD400D79B9E /* Info.plist */,
				D18B41C01AE02DD400D79B9E /* main.m */,
			);
			name = "Supporting Files";
			sourceTree = "<group>";
		};
		D18B41D71AE02DD400D79B9E /* TabViewTests */ = {
			isa = PBXGroup;
			children = (
				D18B41DA1AE02DD400D79B9E /* TabViewTests.m */,
				D18B41D81AE02DD400D79B9E /* Supporting Files */,
			);
			path = TabViewTests;
			sourceTree = "<group>";
		};
		D18B41D81AE02DD400D79B9E /* Supporting Files */ = {
			isa = PBXGroup;
			children = (
				D18B41D91AE02DD400D79B9E /* Info.plist */,
			);
			name = "Supporting Files";
			sourceTree = "<group>";
		};
		D18B41ED1AE02FB500D79B9E /* Model */ = {
			isa = PBXGroup;
			children = (
			);
			name = Model;
			sourceTree = "<group>";
		};
		D18B41EE1AE02FC300D79B9E /* View */ = {
			isa = PBXGroup;
			children = (
			);
			name = View;
			sourceTree = "<group>";
		};
		D18B41EF1AE02FD100D79B9E /* Controller */ = {
			isa = PBXGroup;
			children = (
				D18B41C51AE02DD400D79B9E /* ViewController.h */,
				D18B41C61AE02DD400D79B9E /* ViewController.m */,
				D18B41E41AE02E3B00D79B9E /* FavoritesViewController.h */,
				D18B41E51AE02E3B00D79B9E /* FavoritesViewController.m */,
				D18B41E71AE02EEF00D79B9E /* FeedViewController.h */,
				D18B41E81AE02EEF00D79B9E /* FeedViewController.m */,
				D18B41EA1AE02F8F00D79B9E /* ProfileViewController.h */,
				D18B41EB1AE02F8F00D79B9E /* ProfileViewController.m */,
			);
			name = Controller;
			sourceTree = "<group>";
		};
/* End PBXGroup section */

/* Begin PBXNativeTarget section */
		D18B41BA1AE02DD400D79B9E /* TabView */ = {
			isa = PBXNativeTarget;
			buildConfigurationList = D18B41DE1AE02DD400D79B9E /* Build configuration list for PBXNativeTarget "TabView" */;
			buildPhases = (
				D18B41B71AE02DD400D79B9E /* Sources */,
				D18B41B81AE02DD400D79B9E /* Frameworks */,
				D18B41B91AE02DD400D79B9E /* Resources */,
			);
			buildRules = (
			);
			dependencies = (
			);
			name = TabView;
			productName = TabView;
			productReference = D18B41BB1AE02DD400D79B9E /* TabView.app */;
			productType = "com.apple.product-type.application";
		};
		D18B41D31AE02DD400D79B9E /* TabViewTests */ = {
			isa = PBXNativeTarget;
			buildConfigurationList = D18B41E11AE02DD400D79B9E /* Build configuration list for PBXNativeTarget "TabViewTests" */;
			buildPhases = (
				D18B41D01AE02DD400D79B9E /* Sources */,
				D18B41D11AE02DD400D79B9E /* Frameworks */,
				D18B41D21AE02DD400D79B9E /* Resources */,
			);
			buildRules = (
			);
			dependencies = (
				D18B41D61AE02DD400D79B9E /* PBXTargetDependency */,
			);
			name = TabViewTests;
			productName = TabViewTests;
			productReference = D18B41D41AE02DD400D79B9E /* TabViewTests.xctest */;
			productType = "com.apple.product-type.bundle.unit-test";
		};
/* End PBXNativeTarget section */

/* Begin PBXProject section */
		D18B41B31AE02DD400D79B9E /* Project object */ = {
			isa = PBXProject;
			attributes = {
				LastUpgradeCheck = 0630;
				ORGANIZATIONNAME = TD;
				TargetAttributes = {
					D18B41BA1AE02DD400D79B9E = {
						CreatedOnToolsVersion = 6.3;
					};
					D18B41D31AE02DD400D79B9E = {
						CreatedOnToolsVersion = 6.3;
						TestTargetID = D18B41BA1AE02DD400D79B9E;
					};
				};
			};
			buildConfigurationList = D18B41B61AE02DD400D79B9E /* Build configuration list for PBXProject "TabView" */;
			compatibilityVersion = "Xcode 3.2";
			developmentRegion = English;
			hasScannedForEncodings = 0;
			knownRegions = (
				en,
				Base,
			);
			mainGroup = D18B41B21AE02DD400D79B9E;
			productRefGroup = D18B41BC1AE02DD400D79B9E /* Products */;
			projectDirPath = "";
			projectRoot = "";
			targets = (
				D18B41BA1AE02DD400D79B9E /* TabView */,
				D18B41D31AE02DD400D79B9E /* TabViewTests */,
			);
		};
/* End PBXProject section */

/* Begin PBXResourcesBuildPhase section */
		D18B41B91AE02DD400D79B9E /* Resources */ = {
			isa = PBXResourcesBuildPhase;
			buildActionMask = 2147483647;
			files = (
				D18B41CA1AE02DD400D79B9E /* Main.storyboard in Resources */,
				D18B41F11AE0422600D79B9E /* star.png in Resources */,
				D18B41CF1AE02DD400D79B9E /* LaunchScreen.xib in Resources */,
				D18B41CC1AE02DD400D79B9E /* Images.xcassets in Resources */,
			);
			runOnlyForDeploymentPostprocessing = 0;
		};
		D18B41D21AE02DD400D79B9E /* Resources */ = {
			isa = PBXResourcesBuildPhase;
			buildActionMask = 2147483647;
			files = (
			);
			runOnlyForDeploymentPostprocessing = 0;
		};
/* End PBXResourcesBuildPhase section */

/* Begin PBXSourcesBuildPhase section */
		D18B41B71AE02DD400D79B9E /* Sources */ = {
			isa = PBXSourcesBuildPhase;
			buildActionMask = 2147483647;
			files = (
				D18B41C71AE02DD400D79B9E /* ViewController.m in Sources */,
				D18B41E91AE02EEF00D79B9E /* FeedViewController.m in Sources */,
				D18B41C41AE02DD400D79B9E /* AppDelegate.m in Sources */,
				D18B41E61AE02E3B00D79B9E /* FavoritesViewController.m in Sources */,
				D18B41EC1AE02F8F00D79B9E /* ProfileViewController.m in Sources */,
				D18B41C11AE02DD400D79B9E /* main.m in Sources */,
			);
			runOnlyForDeploymentPostprocessing = 0;
		};
		D18B41D01AE02DD400D79B9E /* Sources */ = {
			isa = PBXSourcesBuildPhase;
			buildActionMask = 2147483647;
			files = (
				D18B41DB1AE02DD400D79B9E /* TabViewTests.m in Sources */,
			);
			runOnlyForDeploymentPostprocessing = 0;
		};
/* End PBXSourcesBuildPhase section */

/* Begin PBXTargetDependency section */
		D18B41D61AE02DD400D79B9E /* PBXTargetDependency */ = {
			isa = PBXTargetDependency;
			target = D18B41BA1AE02DD400D79B9E /* TabView */;
			targetProxy = D18B41D51AE02DD400D79B9E /* PBXContainerItemProxy */;
		};
/* End PBXTargetDependency section */

/* Begin PBXVariantGroup section */
		D18B41C81AE02DD400D79B9E /* Main.storyboard */ = {
			isa = PBXVariantGroup;
			children = (
				D18B41C91AE02DD400D79B9E /* Base */,
			);
			name = Main.storyboard;
			sourceTree = "<group>";
		};
		D18B41CD1AE02DD400D79B9E /* LaunchScreen.xib */ = {
			isa = PBXVariantGroup;
			children = (
				D18B41CE1AE02DD400D79B9E /* Base */,
			);
			name = LaunchScreen.xib;
			sourceTree = "<group>";
		};
/* End PBXVariantGroup section */

/* Begin XCBuildConfiguration section */
		D18B41DC1AE02DD400D79B9E /* Debug */ = {
			isa = XCBuildConfiguration;
			buildSettings = {
				ALWAYS_SEARCH_USER_PATHS = NO;
				CLANG_CXX_LANGUAGE_STANDARD = "gnu++0x";
				CLANG_CXX_LIBRARY = "libc++";
				CLANG_ENABLE_MODULES = YES;
				CLANG_ENABLE_OBJC_ARC = YES;
				CLANG_WARN_BOOL_CONVERSION = YES;
				CLANG_WARN_CONSTANT_CONVERSION = YES;
				CLANG_WARN_DIRECT_OBJC_ISA_USAGE = YES_ERROR;
				CLANG_WARN_EMPTY_BODY = YES;
				CLANG_WARN_ENUM_CONVERSION = YES;
				CLANG_WARN_INT_CONVERSION = YES;
				CLANG_WARN_OBJC_ROOT_CLASS = YES_ERROR;
				CLANG_WARN_UNREACHABLE_CODE = YES;
				CLANG_WARN__DUPLICATE_METHOD_MATCH = YES;
				"CODE_SIGN_IDENTITY[sdk=iphoneos*]" = "iPhone Developer";
				COPY_PHASE_STRIP = NO;
				DEBUG_INFORMATION_FORMAT = "dwarf-with-dsym";
				ENABLE_STRICT_OBJC_MSGSEND = YES;
				GCC_C_LANGUAGE_STANDARD = gnu99;
				GCC_DYNAMIC_NO_PIC = NO;
				GCC_NO_COMMON_BLOCKS = YES;
				GCC_OPTIMIZATION_LEVEL = 0;
				GCC_PREPROCESSOR_DEFINITIONS = (
					"DEBUG=1",
					"$(inherited)",
				);
				GCC_SYMBOLS_PRIVATE_EXTERN = NO;
				GCC_WARN_64_TO_32_BIT_CONVERSION = YES;
				GCC_WARN_ABOUT_RETURN_TYPE = YES_ERROR;
				GCC_WARN_UNDECLARED_SELECTOR = YES;
				GCC_WARN_UNINITIALIZED_AUTOS = YES_AGGRESSIVE;
				GCC_WARN_UNUSED_FUNCTION = YES;
				GCC_WARN_UNUSED_VARIABLE = YES;
				IPHONEOS_DEPLOYMENT_TARGET = 8.3;
				MTL_ENABLE_DEBUG_INFO = YES;
				ONLY_ACTIVE_ARCH = YES;
				SDKROOT = iphoneos;
			};
			name = Debug;
		};
		D18B41DD1AE02DD400D79B9E /* Release */ = {
			isa = XCBuildConfiguration;
			buildSettings = {
				ALWAYS_SEARCH_USER_PATHS = NO;
				CLANG_CXX_LANGUAGE_STANDARD = "gnu++0x";
				CLANG_CXX_LIBRARY = "libc++";
				CLANG_ENABLE_MODULES = YES;
				CLANG_ENABLE_OBJC_ARC = YES;
				CLANG_WARN_BOOL_CONVERSION = YES;
				CLANG_WARN_CONSTANT_CONVERSION = YES;
				CLANG_WARN_DIRECT_OBJC_ISA_USAGE = YES_ERROR;
				CLANG_WARN_EMPTY_BODY = YES;
				CLANG_WARN_ENUM_CONVERSION = YES;
				CLANG_WARN_INT_CONVERSION = YES;
				CLANG_WARN_OBJC_ROOT_CLASS = YES_ERROR;
				CLANG_WARN_UNREACHABLE_CODE = YES;
				CLANG_WARN__DUPLICATE_METHOD_MATCH = YES;
				"CODE_SIGN_IDENTITY[sdk=iphoneos*]" = "iPhone Developer";
				COPY_PHASE_STRIP = NO;
				DEBUG_INFORMATION_FORMAT = "dwarf-with-dsym";
				ENABLE_NS_ASSERTIONS = NO;
				ENABLE_STRICT_OBJC_MSGSEND = YES;
				GCC_C_LANGUAGE_STANDARD = gnu99;
				GCC_NO_COMMON_BLOCKS = YES;
				GCC_WARN_64_TO_32_BIT_CONVERSION = YES;
				GCC_WARN_ABOUT_RETURN_TYPE = YES_ERROR;
				GCC_WARN_UNDECLARED_SELECTOR = YES;
				GCC_WARN_UNINITIALIZED_AUTOS = YES_AGGRESSIVE;
				GCC_WARN_UNUSED_FUNCTION = YES;
				GCC_WARN_UNUSED_VARIABLE = YES;
				IPHONEOS_DEPLOYMENT_TARGET = 8.3;
				MTL_ENABLE_DEBUG_INFO = NO;
				SDKROOT = iphoneos;
				VALIDATE_PRODUCT = YES;
			};
			name = Release;
		};
		D18B41DF1AE02DD400D79B9E /* Debug */ = {
			isa = XCBuildConfiguration;
			buildSettings = {
				ASSETCATALOG_COMPILER_APPICON_NAME = AppIcon;
				INFOPLIST_FILE = TabView/Info.plist;
				LD_RUNPATH_SEARCH_PATHS = "$(inherited) @executable_path/Frameworks";
				PRODUCT_NAME = "$(TARGET_NAME)";
			};
			name = Debug;
		};
		D18B41E01AE02DD400D79B9E /* Release */ = {
			isa = XCBuildConfiguration;
			buildSettings = {
				ASSETCATALOG_COMPILER_APPICON_NAME = AppIcon;
				INFOPLIST_FILE = TabView/Info.plist;
				LD_RUNPATH_SEARCH_PATHS = "$(inherited) @executable_path/Frameworks";
				PRODUCT_NAME = "$(TARGET_NAME)";
			};
			name = Release;
		};
		D18B41E21AE02DD400D79B9E /* Debug */ = {
			isa = XCBuildConfiguration;
			buildSettings = {
				BUNDLE_LOADER = "$(TEST_HOST)";
				FRAMEWORK_SEARCH_PATHS = (
					"$(SDKROOT)/Developer/Library/Frameworks",
					"$(inherited)",
				);
				GCC_PREPROCESSOR_DEFINITIONS = (
					"DEBUG=1",
					"$(inherited)",
				);
				INFOPLIST_FILE = TabViewTests/Info.plist;
				LD_RUNPATH_SEARCH_PATHS = "$(inherited) @executable_path/Frameworks @loader_path/Frameworks";
				PRODUCT_NAME = "$(TARGET_NAME)";
				TEST_HOST = "$(BUILT_PRODUCTS_DIR)/TabView.app/TabView";
			};
			name = Debug;
		};
		D18B41E31AE02DD400D79B9E /* Release */ = {
			isa = XCBuildConfiguration;
			buildSettings = {
				BUNDLE_LOADER = "$(TEST_HOST)";
				FRAMEWORK_SEARCH_PATHS = (
					"$(SDKROOT)/Developer/Library/Frameworks",
					"$(inherited)",
				);
				INFOPLIST_FILE = TabViewTests/Info.plist;
				LD_RUNPATH_SEARCH_PATHS = "$(inherited) @executable_path/Frameworks @loader_path/Frameworks";
				PRODUCT_NAME = "$(TARGET_NAME)";
				TEST_HOST = "$(BUILT_PRODUCTS_DIR)/TabView.app/TabView";
			};
			name = Release;
		};
/* End XCBuildConfiguration section */

/* Begin XCConfigurationList section */
		D18B41B61AE02DD400D79B9E /* Build configuration list for PBXProject "TabView" */ = {
			isa = XCConfigurationList;
			buildConfigurations = (
				D18B41DC1AE02DD400D79B9E /* Debug */,
				D18B41DD1AE02DD400D79B9E /* Release */,
			);
			defaultConfigurationIsVisible = 0;
			defaultConfigurationName = Release;
		};
		D18B41DE1AE02DD400D79B9E /* Build configuration list for PBXNativeTarget "TabView" */ = {
			isa = XCConfigurationList;
			buildConfigurations = (
				D18B41DF1AE02DD400D79B9E /* Debug */,
				D18B41E01AE02DD400D79B9E /* Release */,
			);
			defaultConfigurationIsVisible = 0;
		};
		D18B41E11AE02DD400D79B9E /* Build configuration list for PBXNativeTarget "TabViewTests" */ = {
			isa = XCConfigurationList;
			buildConfigurations = (
				D18B41E21AE02DD400D79B9E /* Debug */,
				D18B41E31AE02DD400D79B9E /* Release */,
			);
			defaultConfigurationIsVisible = 0;
		};
/* End XCConfigurationList section */
	};
	rootObject = D18B41B31AE02DD400D79B9E /* Project object */;
}
